
Microsoft Visual Studio Solution File, Format Version 12.00
# Visual Studio Version 17
VisualStudioVersion = 17.9.34310.174
MinimumVisualStudioVersion = 10.0.40219.1
Project("{9A19103F-16F7-4668-BE54-9A1E7A4F7556}") = "BlazorWeAssemblyApp", "BlazorWeAssemblyApp\BlazorWeAssemblyApp.csproj", "{8095E989-62C7-443F-8DBF-F4F267DF4DA7}"
EndProject
Project("{9A19103F-16F7-4668-BE54-9A1E7A4F7556}") = "WebAPI", "WebAPI\WebAPI.csproj", "{EDB9F7E6-1256-455B-BAC5-78150BB84343}"
EndProject
Project("{9A19103F-16F7-4668-BE54-9A1E7A4F7556}") = "SharedLibrary", "SharedLibrary\SharedLibrary.csproj", "{42DE93B3-DBF6-4C55-8E53-F857150A6124}"
EndProject
Global
	GlobalSection(SolutionConfigurationPlatforms) = preSolution
		Debug|Any CPU = Debug|Any CPU
		Release|Any CPU = Release|Any CPU
	EndGlobalSection
	GlobalSection(ProjectConfigurationPlatforms) = postSolution
		{8095E989-62C7-443F-8DBF-F4F267DF4DA7}.Debug|Any CPU.ActiveCfg = Debug|Any CPU
		{8095E989-62C7-443F-8DBF-F4F267DF4DA7}.Debug|Any CPU.Build.0 = Debug|Any CPU
		{8095E989-62C7-443F-8DBF-F4F267DF4DA7}.Release|Any CPU.ActiveCfg = Release|Any CPU
		{8095E989-62C7-443F-8DBF-F4F267DF4DA7}.Release|Any CPU.Build.0 = Release|Any CPU
		{EDB9F7E6-1256-455B-BAC5-78150BB84343}.Debug|Any CPU.ActiveCfg = Debug|Any CPU
		{EDB9F7E6-1256-455B-BAC5-78150BB84343}.Debug|Any CPU.Build.0 = Debug|Any CPU
		{EDB9F7E6-1256-455B-BAC5-78150BB84343}.Release|Any CPU.ActiveCfg = Release|Any CPU
		{EDB9F7E6-1256-455B-BAC5-78150BB84343}.Release|Any CPU.Build.0 = Release|Any CPU
		{42DE93B3-DBF6-4C55-8E53-F857150A6124}.Debug|Any CPU.ActiveCfg = Debug|Any CPU
		{42DE93B3-DBF6-4C55-8E53-F857150A6124}.Debug|Any CPU.Build.0 = Debug|Any CPU
		{42DE93B3-DBF6-4C55-8E53-F857150A6124}.Release|Any CPU.ActiveCfg = Release|Any CPU
		{42DE93B3-DBF6-4C55-8E53-F857150A6124}.Release|Any CPU.Build.0 = Release|Any CPU
	EndGlobalSection
	GlobalSection(SolutionProperties) = preSolution
		HideSolutionNode = FALSE
	EndGlobalSection
	GlobalSection(ExtensibilityGlobals) = postSolution
		SolutionGuid = {591CECB1-C437-494E-B4C2-3B739D7482E5}
	EndGlobalSection
EndGlobal
